// !$*UTF8*$!
{
	archiveVersion = 1;
	classes = {
	};
	objectVersion = 70;
	objects = {

/* Begin PBXBuildFile section */
		7A3174EA2D8C0A3800394E80 /* SearchablePickerView.swift in Sources */ = {isa = PBXBuildFile; fileRef = 7A3174E92D8C0A3800394E80 /* SearchablePickerView.swift */; };
		7A33F7382DA21922003394B6 /* LessonVisibilityManagementView.swift in Sources */ = {isa = PBXBuildFile; fileRef = 7A33F7372DA21922003394B6 /* LessonVisibilityManagementView.swift */; };
		7A33F7492DA23AF3003394B6 /* LessonCardView.swift in Sources */ = {isa = PBXBuildFile; fileRef = 7A33F7482DA23AF3003394B6 /* LessonCardView.swift */; };
		7A4FDC962D9C149600A91862 /* RichTextKit in Frameworks */ = {isa = PBXBuildFile; productRef = 7A4FDC952D9C149600A91862 /* RichTextKit */; };
		7A4FDC982D9C175D00A91862 /* RichTextKit in Frameworks */ = {isa = PBXBuildFile; productRef = 7A4FDC972D9C175D00A91862 /* RichTextKit */; };
		7A4FDD032D9DFF7E00A91862 /* LessonDetailView.swift in Sources */ = {isa = PBXBuildFile; fileRef = 7A4FDD022D9DFF7E00A91862 /* LessonDetailView.swift */; };
		7A516C572DAE415300E97730 /* WidgetKit.framework in Frameworks */ = {isa = PBXBuildFile; fileRef = 7A516C562DAE415300E97730 /* WidgetKit.framework */; };
		7A516C592DAE415300E97730 /* SwiftUI.framework in Frameworks */ = {isa = PBXBuildFile; fileRef = 7A516C582DAE415300E97730 /* SwiftUI.framework */; };
		7A516C642DAE415400E97730 /* NormWidgetExtension.appex in Embed Foundation Extensions */ = {isa = PBXBuildFile; fileRef = 7A516C542DAE415300E97730 /* NormWidgetExtension.appex */; settings = {ATTRIBUTES = (RemoveHeadersOnCopy, ); }; };
		7A516C6A2DAE491E00E97730 /* LessonModel.swift in Sources */ = {isa = PBXBuildFile; fileRef = 7A6495B32D402581006F167D /* LessonModel.swift */; };
		7A6495B42D402581006F167D /* LessonModel.swift in Sources */ = {isa = PBXBuildFile; fileRef = 7A6495B32D402581006F167D /* LessonModel.swift */; };
		7A6495B82D4028F9006F167D /* SettingsManagerModel.swift in Sources */ = {isa = PBXBuildFile; fileRef = 7A6495B72D4028F9006F167D /* SettingsManagerModel.swift */; };
		7A7B38D72BA25C2C006B2BB6 /* NormScheduleApp.swift in Sources */ = {isa = PBXBuildFile; fileRef = 7A7B38D62BA25C2C006B2BB6 /* NormScheduleApp.swift */; };
		7A7B38D92BA25C2C006B2BB6 /* ContentView.swift in Sources */ = {isa = PBXBuildFile; fileRef = 7A7B38D82BA25C2C006B2BB6 /* ContentView.swift */; };
		7A7B38DB2BA25C2D006B2BB6 /* Assets.xcassets in Resources */ = {isa = PBXBuildFile; fileRef = 7A7B38DA2BA25C2D006B2BB6 /* Assets.xcassets */; };
		7A7B38DE2BA25C2D006B2BB6 /* Preview Assets.xcassets in Resources */ = {isa = PBXBuildFile; fileRef = 7A7B38DD2BA25C2D006B2BB6 /* Preview Assets.xcassets */; };
		7A7B39012BA25C78006B2BB6 /* GroupSchedModel.swift in Sources */ = {isa = PBXBuildFile; fileRef = 7A7B39002BA25C78006B2BB6 /* GroupSchedModel.swift */; };
		7A7B39032BA25D97006B2BB6 /* sched.json in Resources */ = {isa = PBXBuildFile; fileRef = 7A7B39022BA25D97006B2BB6 /* sched.json */; };
		7A7B39052BA42955006B2BB6 /* DayView.swift in Sources */ = {isa = PBXBuildFile; fileRef = 7A7B39042BA42955006B2BB6 /* DayView.swift */; };
		7A7B39072BA52F3E006B2BB6 /* LessonView.swift in Sources */ = {isa = PBXBuildFile; fileRef = 7A7B39062BA52F3E006B2BB6 /* LessonView.swift */; };
		7ABAE7332D7761080076B06C /* LessonModel.swift in Sources */ = {isa = PBXBuildFile; fileRef = 7A6495B32D402581006F167D /* LessonModel.swift */; };
		7ABAE7342D7761200076B06C /* GroupSchedModel.swift in Sources */ = {isa = PBXBuildFile; fileRef = 7A7B39002BA25C78006B2BB6 /* GroupSchedModel.swift */; };
		7AC123CC2C1E236A001FD32A /* ScheduleView.swift in Sources */ = {isa = PBXBuildFile; fileRef = 7AC123CB2C1E236A001FD32A /* ScheduleView.swift */; };
		7AC31A512BB979D30099DB76 /* ParserSSU.swift in Sources */ = {isa = PBXBuildFile; fileRef = 7AC31A502BB979D30099DB76 /* ParserSSU.swift */; };
		7AC31A552BB97A830099DB76 /* SwiftSoup in Frameworks */ = {isa = PBXBuildFile; productRef = 7AC31A542BB97A830099DB76 /* SwiftSoup */; };
		7AC602202D75BC4B00154A18 /* NormScheduleCompanion Watch App.app in Embed Watch Content */ = {isa = PBXBuildFile; fileRef = 7AC602132D75BC4900154A18 /* NormScheduleCompanion Watch App.app */; settings = {ATTRIBUTES = (RemoveHeadersOnCopy, ); }; };
		7AC602262D75BCC000154A18 /* WCProvider.swift in Sources */ = {isa = PBXBuildFile; fileRef = 7AC602252D75BCC000154A18 /* WCProvider.swift */; };
		7AC6022B2D75C3C400154A18 /* SettingsManagerModel.swift in Sources */ = {isa = PBXBuildFile; fileRef = 7A6495B72D4028F9006F167D /* SettingsManagerModel.swift */; };
		7ACD45512D5D28EB00F6B3BB /* TabBarShape.swift in Sources */ = {isa = PBXBuildFile; fileRef = 7ACD45502D5D28EB00F6B3BB /* TabBarShape.swift */; };
		7ACD45532D5D4BE100F6B3BB /* InfinitePageView.swift in Sources */ = {isa = PBXBuildFile; fileRef = 7ACD45522D5D4BE100F6B3BB /* InfinitePageView.swift */; };
		7AD383E82BCD636900384D1C /* Structs.swift in Sources */ = {isa = PBXBuildFile; fileRef = 7AD383E72BCD636900384D1C /* Structs.swift */; };
		7AD383EA2BCD63D100384D1C /* ParserSSTU.swift in Sources */ = {isa = PBXBuildFile; fileRef = 7AD383E92BCD63D100384D1C /* ParserSSTU.swift */; };
		7AD383EE2BCD64B300384D1C /* ParserMain.swift in Sources */ = {isa = PBXBuildFile; fileRef = 7AD383ED2BCD64B300384D1C /* ParserMain.swift */; };
		7ADBF6DB2D9AAB3C00556106 /* Extensions.swift in Sources */ = {isa = PBXBuildFile; fileRef = 7ADBF6DA2D9AAB3C00556106 /* Extensions.swift */; };
		7ADBF6DC2D9AAB3C00556106 /* Extensions.swift in Sources */ = {isa = PBXBuildFile; fileRef = 7ADBF6DA2D9AAB3C00556106 /* Extensions.swift */; };
/* End PBXBuildFile section */

/* Begin PBXContainerItemProxy section */
		7A516C622DAE415400E97730 /* PBXContainerItemProxy */ = {
			isa = PBXContainerItemProxy;
			containerPortal = 7A7B38CB2BA25C2C006B2BB6 /* Project object */;
			proxyType = 1;
			remoteGlobalIDString = 7A516C532DAE415300E97730;
			remoteInfo = NormWidgetExtension;
		};
		7A7B38E42BA25C2D006B2BB6 /* PBXContainerItemProxy */ = {
			isa = PBXContainerItemProxy;
			containerPortal = 7A7B38CB2BA25C2C006B2BB6 /* Project object */;
			proxyType = 1;
			remoteGlobalIDString = 7A7B38D22BA25C2C006B2BB6;
			remoteInfo = NormSchedule;
		};
		7A7B38EE2BA25C2D006B2BB6 /* PBXContainerItemProxy */ = {
			isa = PBXContainerItemProxy;
			containerPortal = 7A7B38CB2BA25C2C006B2BB6 /* Project object */;
			proxyType = 1;
			remoteGlobalIDString = 7A7B38D22BA25C2C006B2BB6;
			remoteInfo = NormSchedule;
		};
		7AC6021E2D75BC4B00154A18 /* PBXContainerItemProxy */ = {
			isa = PBXContainerItemProxy;
			containerPortal = 7A7B38CB2BA25C2C006B2BB6 /* Project object */;
			proxyType = 1;
			remoteGlobalIDString = 7AC602122D75BC4900154A18;
			remoteInfo = "NormScheduleCompanion Watch App";
		};
/* End PBXContainerItemProxy section */

/* Begin PBXCopyFilesBuildPhase section */
		7A516C692DAE415400E97730 /* Embed Foundation Extensions */ = {
			isa = PBXCopyFilesBuildPhase;
			buildActionMask = 2147483647;
			dstPath = "";
			dstSubfolderSpec = 13;
			files = (
				7A516C642DAE415400E97730 /* NormWidgetExtension.appex in Embed Foundation Extensions */,
			);
			name = "Embed Foundation Extensions";
			runOnlyForDeploymentPostprocessing = 0;
		};
		7AC602212D75BC4B00154A18 /* Embed Watch Content */ = {
			isa = PBXCopyFilesBuildPhase;
			buildActionMask = 2147483647;
			dstPath = "$(CONTENTS_FOLDER_PATH)/Watch";
			dstSubfolderSpec = 16;
			files = (
				7AC602202D75BC4B00154A18 /* NormScheduleCompanion Watch App.app in Embed Watch Content */,
			);
			name = "Embed Watch Content";
			runOnlyForDeploymentPostprocessing = 0;
		};
/* End PBXCopyFilesBuildPhase section */

/* Begin PBXFileReference section */
		7A3174E92D8C0A3800394E80 /* SearchablePickerView.swift */ = {isa = PBXFileReference; lastKnownFileType = sourcecode.swift; path = SearchablePickerView.swift; sourceTree = "<group>"; };
		7A33F7372DA21922003394B6 /* LessonVisibilityManagementView.swift */ = {isa = PBXFileReference; lastKnownFileType = sourcecode.swift; path = LessonVisibilityManagementView.swift; sourceTree = "<group>"; };
		7A33F7482DA23AF3003394B6 /* LessonCardView.swift */ = {isa = PBXFileReference; lastKnownFileType = sourcecode.swift; path = LessonCardView.swift; sourceTree = "<group>"; };
		7A4FDD022D9DFF7E00A91862 /* LessonDetailView.swift */ = {isa = PBXFileReference; lastKnownFileType = sourcecode.swift; path = LessonDetailView.swift; sourceTree = "<group>"; };
		7A516C542DAE415300E97730 /* NormWidgetExtension.appex */ = {isa = PBXFileReference; explicitFileType = "wrapper.app-extension"; includeInIndex = 0; path = NormWidgetExtension.appex; sourceTree = BUILT_PRODUCTS_DIR; };
		7A516C562DAE415300E97730 /* WidgetKit.framework */ = {isa = PBXFileReference; lastKnownFileType = wrapper.framework; name = WidgetKit.framework; path = System/Library/Frameworks/WidgetKit.framework; sourceTree = SDKROOT; };
		7A516C582DAE415300E97730 /* SwiftUI.framework */ = {isa = PBXFileReference; lastKnownFileType = wrapper.framework; name = SwiftUI.framework; path = System/Library/Frameworks/SwiftUI.framework; sourceTree = SDKROOT; };
		7A6495B32D402581006F167D /* LessonModel.swift */ = {isa = PBXFileReference; lastKnownFileType = sourcecode.swift; path = LessonModel.swift; sourceTree = "<group>"; };
		7A6495B72D4028F9006F167D /* SettingsManagerModel.swift */ = {isa = PBXFileReference; lastKnownFileType = sourcecode.swift; path = SettingsManagerModel.swift; sourceTree = "<group>"; };
		7A7B38D32BA25C2C006B2BB6 /* NormSchedule.app */ = {isa = PBXFileReference; explicitFileType = wrapper.application; includeInIndex = 0; path = NormSchedule.app; sourceTree = BUILT_PRODUCTS_DIR; };
		7A7B38D62BA25C2C006B2BB6 /* NormScheduleApp.swift */ = {isa = PBXFileReference; lastKnownFileType = sourcecode.swift; path = NormScheduleApp.swift; sourceTree = "<group>"; };
		7A7B38D82BA25C2C006B2BB6 /* ContentView.swift */ = {isa = PBXFileReference; lastKnownFileType = sourcecode.swift; path = ContentView.swift; sourceTree = "<group>"; };
		7A7B38DA2BA25C2D006B2BB6 /* Assets.xcassets */ = {isa = PBXFileReference; lastKnownFileType = folder.assetcatalog; path = Assets.xcassets; sourceTree = "<group>"; };
		7A7B38DD2BA25C2D006B2BB6 /* Preview Assets.xcassets */ = {isa = PBXFileReference; lastKnownFileType = folder.assetcatalog; path = "Preview Assets.xcassets"; sourceTree = "<group>"; };
		7A7B38E32BA25C2D006B2BB6 /* NormScheduleTests.xctest */ = {isa = PBXFileReference; explicitFileType = wrapper.cfbundle; includeInIndex = 0; path = NormScheduleTests.xctest; sourceTree = BUILT_PRODUCTS_DIR; };
		7A7B38ED2BA25C2D006B2BB6 /* NormScheduleUITests.xctest */ = {isa = PBXFileReference; explicitFileType = wrapper.cfbundle; includeInIndex = 0; path = NormScheduleUITests.xctest; sourceTree = BUILT_PRODUCTS_DIR; };
		7A7B39002BA25C78006B2BB6 /* GroupSchedModel.swift */ = {isa = PBXFileReference; lastKnownFileType = sourcecode.swift; path = GroupSchedModel.swift; sourceTree = "<group>"; };
		7A7B39022BA25D97006B2BB6 /* sched.json */ = {isa = PBXFileReference; fileEncoding = 4; lastKnownFileType = text.json; path = sched.json; sourceTree = "<group>"; };
		7A7B39042BA42955006B2BB6 /* DayView.swift */ = {isa = PBXFileReference; lastKnownFileType = sourcecode.swift; path = DayView.swift; sourceTree = "<group>"; };
		7A7B39062BA52F3E006B2BB6 /* LessonView.swift */ = {isa = PBXFileReference; lastKnownFileType = sourcecode.swift; path = LessonView.swift; sourceTree = "<group>"; };
		7AC123CB2C1E236A001FD32A /* ScheduleView.swift */ = {isa = PBXFileReference; lastKnownFileType = sourcecode.swift; path = ScheduleView.swift; sourceTree = "<group>"; };
		7AC31A502BB979D30099DB76 /* ParserSSU.swift */ = {isa = PBXFileReference; lastKnownFileType = sourcecode.swift; path = ParserSSU.swift; sourceTree = "<group>"; };
		7AC602132D75BC4900154A18 /* NormScheduleCompanion Watch App.app */ = {isa = PBXFileReference; explicitFileType = wrapper.application; includeInIndex = 0; path = "NormScheduleCompanion Watch App.app"; sourceTree = BUILT_PRODUCTS_DIR; };
		7AC602252D75BCC000154A18 /* WCProvider.swift */ = {isa = PBXFileReference; lastKnownFileType = sourcecode.swift; path = WCProvider.swift; sourceTree = "<group>"; };
		7ACD45502D5D28EB00F6B3BB /* TabBarShape.swift */ = {isa = PBXFileReference; lastKnownFileType = sourcecode.swift; path = TabBarShape.swift; sourceTree = "<group>"; };
		7ACD45522D5D4BE100F6B3BB /* InfinitePageView.swift */ = {isa = PBXFileReference; lastKnownFileType = sourcecode.swift; path = InfinitePageView.swift; sourceTree = "<group>"; };
		7AD383E72BCD636900384D1C /* Structs.swift */ = {isa = PBXFileReference; lastKnownFileType = sourcecode.swift; name = Structs.swift; path = NormSchedule/Structs.swift; sourceTree = SOURCE_ROOT; };
		7AD383E92BCD63D100384D1C /* ParserSSTU.swift */ = {isa = PBXFileReference; lastKnownFileType = sourcecode.swift; path = ParserSSTU.swift; sourceTree = "<group>"; };
		7AD383ED2BCD64B300384D1C /* ParserMain.swift */ = {isa = PBXFileReference; lastKnownFileType = sourcecode.swift; path = ParserMain.swift; sourceTree = "<group>"; };
		7ADBF6DA2D9AAB3C00556106 /* Extensions.swift */ = {isa = PBXFileReference; lastKnownFileType = sourcecode.swift; path = Extensions.swift; sourceTree = "<group>"; };
/* End PBXFileReference section */

/* Begin PBXFileSystemSynchronizedBuildFileExceptionSet section */
		7A516C652DAE415400E97730 /* PBXFileSystemSynchronizedBuildFileExceptionSet */ = {
			isa = PBXFileSystemSynchronizedBuildFileExceptionSet;
			membershipExceptions = (
				Info.plist,
			);
			target = 7A516C532DAE415300E97730 /* NormWidgetExtension */;
		};
/* End PBXFileSystemSynchronizedBuildFileExceptionSet section */

/* Begin PBXFileSystemSynchronizedRootGroup section */
		7A516C5A2DAE415300E97730 /* NormWidget */ = {isa = PBXFileSystemSynchronizedRootGroup; exceptions = (7A516C652DAE415400E97730 /* PBXFileSystemSynchronizedBuildFileExceptionSet */, ); explicitFileTypes = {}; explicitFolders = (); path = NormWidget; sourceTree = "<group>"; };
		7AC602142D75BC4900154A18 /* NormScheduleCompanion Watch App */ = {isa = PBXFileSystemSynchronizedRootGroup; explicitFileTypes = {}; explicitFolders = (); path = "NormScheduleCompanion Watch App"; sourceTree = "<group>"; };
/* End PBXFileSystemSynchronizedRootGroup section */

/* Begin PBXFrameworksBuildPhase section */
		7A516C512DAE415300E97730 /* Frameworks */ = {
			isa = PBXFrameworksBuildPhase;
			buildActionMask = 2147483647;
			files = (
				7A516C592DAE415300E97730 /* SwiftUI.framework in Frameworks */,
				7A516C572DAE415300E97730 /* WidgetKit.framework in Frameworks */,
			);
			runOnlyForDeploymentPostprocessing = 0;
		};
		7A7B38D02BA25C2C006B2BB6 /* Frameworks */ = {
			isa = PBXFrameworksBuildPhase;
			buildActionMask = 2147483647;
			files = (
				7A4FDC962D9C149600A91862 /* RichTextKit in Frameworks */,
				7AC31A552BB97A830099DB76 /* SwiftSoup in Frameworks */,
			);
			runOnlyForDeploymentPostprocessing = 0;
		};
		7A7B38E02BA25C2D006B2BB6 /* Frameworks */ = {
			isa = PBXFrameworksBuildPhase;
			buildActionMask = 2147483647;
			files = (
			);
			runOnlyForDeploymentPostprocessing = 0;
		};
		7A7B38EA2BA25C2D006B2BB6 /* Frameworks */ = {
			isa = PBXFrameworksBuildPhase;
			buildActionMask = 2147483647;
			files = (
			);
			runOnlyForDeploymentPostprocessing = 0;
		};
		7AC602102D75BC4900154A18 /* Frameworks */ = {
			isa = PBXFrameworksBuildPhase;
			buildActionMask = 2147483647;
			files = (
				7A4FDC982D9C175D00A91862 /* RichTextKit in Frameworks */,
			);
			runOnlyForDeploymentPostprocessing = 0;
		};
/* End PBXFrameworksBuildPhase section */

/* Begin PBXGroup section */
		7A33F7592DA2F683003394B6 /* Lesson */ = {
			isa = PBXGroup;
			children = (
				7A4FDD022D9DFF7E00A91862 /* LessonDetailView.swift */,
				7A7B39062BA52F3E006B2BB6 /* LessonView.swift */,
				7A33F7482DA23AF3003394B6 /* LessonCardView.swift */,
				7A33F7372DA21922003394B6 /* LessonVisibilityManagementView.swift */,
			);
			path = Lesson;
			sourceTree = "<group>";
		};
		7A516C552DAE415300E97730 /* Frameworks */ = {
			isa = PBXGroup;
			children = (
				7A516C562DAE415300E97730 /* WidgetKit.framework */,
				7A516C582DAE415300E97730 /* SwiftUI.framework */,
			);
			name = Frameworks;
			sourceTree = "<group>";
		};
		7A6495B62D4025FE006F167D /* Models */ = {
			isa = PBXGroup;
			children = (
				7A7B39002BA25C78006B2BB6 /* GroupSchedModel.swift */,
				7A6495B32D402581006F167D /* LessonModel.swift */,
				7A6495B72D4028F9006F167D /* SettingsManagerModel.swift */,
			);
			path = Models;
			sourceTree = "<group>";
		};
		7A7B38CA2BA25C2C006B2BB6 = {
			isa = PBXGroup;
			children = (
				7A6495B62D4025FE006F167D /* Models */,
				7A7B38D52BA25C2C006B2BB6 /* NormSchedule */,
				7AC602142D75BC4900154A18 /* NormScheduleCompanion Watch App */,
				7A516C5A2DAE415300E97730 /* NormWidget */,
				7A516C552DAE415300E97730 /* Frameworks */,
				7A7B38D42BA25C2C006B2BB6 /* Products */,
			);
			sourceTree = "<group>";
		};
		7A7B38D42BA25C2C006B2BB6 /* Products */ = {
			isa = PBXGroup;
			children = (
				7A7B38D32BA25C2C006B2BB6 /* NormSchedule.app */,
				7A7B38E32BA25C2D006B2BB6 /* NormScheduleTests.xctest */,
				7A7B38ED2BA25C2D006B2BB6 /* NormScheduleUITests.xctest */,
				7AC602132D75BC4900154A18 /* NormScheduleCompanion Watch App.app */,
				7A516C542DAE415300E97730 /* NormWidgetExtension.appex */,
			);
			name = Products;
			sourceTree = "<group>";
		};
		7A7B38D52BA25C2C006B2BB6 /* NormSchedule */ = {
			isa = PBXGroup;
			children = (
				7A7B39022BA25D97006B2BB6 /* sched.json */,
				7A7B38D62BA25C2C006B2BB6 /* NormScheduleApp.swift */,
				7A7B38D82BA25C2C006B2BB6 /* ContentView.swift */,
				7AC123CB2C1E236A001FD32A /* ScheduleView.swift */,
				7A7B39042BA42955006B2BB6 /* DayView.swift */,
				7A33F7592DA2F683003394B6 /* Lesson */,
				7ACD45542D5D501700F6B3BB /* Custom */,
				7A7B38DC2BA25C2D006B2BB6 /* Preview Content */,
				7AD383E62BCD62BB00384D1C /* Parsers */,
				7A7B38DA2BA25C2D006B2BB6 /* Assets.xcassets */,
				7AC602252D75BCC000154A18 /* WCProvider.swift */,
			);
			path = NormSchedule;
			sourceTree = "<group>";
		};
		7A7B38DC2BA25C2D006B2BB6 /* Preview Content */ = {
			isa = PBXGroup;
			children = (
				7A7B38DD2BA25C2D006B2BB6 /* Preview Assets.xcassets */,
			);
			path = "Preview Content";
			sourceTree = "<group>";
		};
		7ACD45542D5D501700F6B3BB /* Custom */ = {
			isa = PBXGroup;
			children = (
				7ACD45502D5D28EB00F6B3BB /* TabBarShape.swift */,
				7ACD45522D5D4BE100F6B3BB /* InfinitePageView.swift */,
				7A3174E92D8C0A3800394E80 /* SearchablePickerView.swift */,
				7ADBF6DA2D9AAB3C00556106 /* Extensions.swift */,
			);
			path = Custom;
			sourceTree = "<group>";
		};
		7AD383E62BCD62BB00384D1C /* Parsers */ = {
			isa = PBXGroup;
			children = (
				7AD383ED2BCD64B300384D1C /* ParserMain.swift */,
				7AC31A502BB979D30099DB76 /* ParserSSU.swift */,
				7AD383E92BCD63D100384D1C /* ParserSSTU.swift */,
				7AD383E72BCD636900384D1C /* Structs.swift */,
			);
			path = Parsers;
			sourceTree = "<group>";
		};
/* End PBXGroup section */

/* Begin PBXNativeTarget section */
		7A516C532DAE415300E97730 /* NormWidgetExtension */ = {
			isa = PBXNativeTarget;
			buildConfigurationList = 7A516C662DAE415400E97730 /* Build configuration list for PBXNativeTarget "NormWidgetExtension" */;
			buildPhases = (
				7A516C502DAE415300E97730 /* Sources */,
				7A516C512DAE415300E97730 /* Frameworks */,
				7A516C522DAE415300E97730 /* Resources */,
			);
			buildRules = (
			);
			dependencies = (
			);
			fileSystemSynchronizedGroups = (
				7A516C5A2DAE415300E97730 /* NormWidget */,
			);
			name = NormWidgetExtension;
			packageProductDependencies = (
			);
			productName = NormWidgetExtension;
			productReference = 7A516C542DAE415300E97730 /* NormWidgetExtension.appex */;
			productType = "com.apple.product-type.app-extension";
		};
		7A7B38D22BA25C2C006B2BB6 /* NormSchedule */ = {
			isa = PBXNativeTarget;
			buildConfigurationList = 7A7B38F72BA25C2D006B2BB6 /* Build configuration list for PBXNativeTarget "NormSchedule" */;
			buildPhases = (
				7A7B38CF2BA25C2C006B2BB6 /* Sources */,
				7A7B38D02BA25C2C006B2BB6 /* Frameworks */,
				7A7B38D12BA25C2C006B2BB6 /* Resources */,
				7AC602212D75BC4B00154A18 /* Embed Watch Content */,
				7A516C692DAE415400E97730 /* Embed Foundation Extensions */,
			);
			buildRules = (
			);
			dependencies = (
				7AC6021F2D75BC4B00154A18 /* PBXTargetDependency */,
				7A516C632DAE415400E97730 /* PBXTargetDependency */,
			);
			name = NormSchedule;
			packageProductDependencies = (
				7AC31A542BB97A830099DB76 /* SwiftSoup */,
				7A4FDC952D9C149600A91862 /* RichTextKit */,
			);
			productName = NormSchedule;
			productReference = 7A7B38D32BA25C2C006B2BB6 /* NormSchedule.app */;
			productType = "com.apple.product-type.application";
		};
		7A7B38E22BA25C2D006B2BB6 /* NormScheduleTests */ = {
			isa = PBXNativeTarget;
			buildConfigurationList = 7A7B38FA2BA25C2D006B2BB6 /* Build configuration list for PBXNativeTarget "NormScheduleTests" */;
			buildPhases = (
				7A7B38DF2BA25C2D006B2BB6 /* Sources */,
				7A7B38E02BA25C2D006B2BB6 /* Frameworks */,
				7A7B38E12BA25C2D006B2BB6 /* Resources */,
			);
			buildRules = (
			);
			dependencies = (
				7A7B38E52BA25C2D006B2BB6 /* PBXTargetDependency */,
			);
			name = NormScheduleTests;
			productName = NormScheduleTests;
			productReference = 7A7B38E32BA25C2D006B2BB6 /* NormScheduleTests.xctest */;
			productType = "com.apple.product-type.bundle.unit-test";
		};
		7A7B38EC2BA25C2D006B2BB6 /* NormScheduleUITests */ = {
			isa = PBXNativeTarget;
			buildConfigurationList = 7A7B38FD2BA25C2D006B2BB6 /* Build configuration list for PBXNativeTarget "NormScheduleUITests" */;
			buildPhases = (
				7A7B38E92BA25C2D006B2BB6 /* Sources */,
				7A7B38EA2BA25C2D006B2BB6 /* Frameworks */,
				7A7B38EB2BA25C2D006B2BB6 /* Resources */,
			);
			buildRules = (
			);
			dependencies = (
				7A7B38EF2BA25C2D006B2BB6 /* PBXTargetDependency */,
			);
			name = NormScheduleUITests;
			productName = NormScheduleUITests;
			productReference = 7A7B38ED2BA25C2D006B2BB6 /* NormScheduleUITests.xctest */;
			productType = "com.apple.product-type.bundle.ui-testing";
		};
		7AC602122D75BC4900154A18 /* NormScheduleCompanion Watch App */ = {
			isa = PBXNativeTarget;
			buildConfigurationList = 7AC602242D75BC4B00154A18 /* Build configuration list for PBXNativeTarget "NormScheduleCompanion Watch App" */;
			buildPhases = (
				7AC6020F2D75BC4900154A18 /* Sources */,
				7AC602102D75BC4900154A18 /* Frameworks */,
				7AC602112D75BC4900154A18 /* Resources */,
			);
			buildRules = (
			);
			dependencies = (
			);
			fileSystemSynchronizedGroups = (
				7AC602142D75BC4900154A18 /* NormScheduleCompanion Watch App */,
			);
			name = "NormScheduleCompanion Watch App";
			packageProductDependencies = (
				7A4FDC972D9C175D00A91862 /* RichTextKit */,
			);
			productName = "NormScheduleCompanion Watch App";
			productReference = 7AC602132D75BC4900154A18 /* NormScheduleCompanion Watch App.app */;
			productType = "com.apple.product-type.application";
		};
/* End PBXNativeTarget section */

/* Begin PBXProject section */
		7A7B38CB2BA25C2C006B2BB6 /* Project object */ = {
			isa = PBXProject;
			attributes = {
				BuildIndependentTargetsInParallel = 1;
				LastSwiftUpdateCheck = 1620;
				LastUpgradeCheck = 1530;
				TargetAttributes = {
					7A516C532DAE415300E97730 = {
						CreatedOnToolsVersion = 16.2;
					};
					7A7B38D22BA25C2C006B2BB6 = {
						CreatedOnToolsVersion = 15.3;
					};
					7A7B38E22BA25C2D006B2BB6 = {
						CreatedOnToolsVersion = 15.3;
						TestTargetID = 7A7B38D22BA25C2C006B2BB6;
					};
					7A7B38EC2BA25C2D006B2BB6 = {
						CreatedOnToolsVersion = 15.3;
						TestTargetID = 7A7B38D22BA25C2C006B2BB6;
					};
					7AC602122D75BC4900154A18 = {
						CreatedOnToolsVersion = 16.2;
					};
				};
			};
			buildConfigurationList = 7A7B38CE2BA25C2C006B2BB6 /* Build configuration list for PBXProject "NormSchedule" */;
			compatibilityVersion = "Xcode 14.0";
			developmentRegion = en;
			hasScannedForEncodings = 0;
			knownRegions = (
				en,
				Base,
			);
			mainGroup = 7A7B38CA2BA25C2C006B2BB6;
			packageReferences = (
				7AC31A532BB97A830099DB76 /* XCRemoteSwiftPackageReference "SwiftSoup" */,
				7A4FDC942D9C149600A91862 /* XCRemoteSwiftPackageReference "RichTextKit" */,
			);
			productRefGroup = 7A7B38D42BA25C2C006B2BB6 /* Products */;
			projectDirPath = "";
			projectRoot = "";
			targets = (
				7A7B38D22BA25C2C006B2BB6 /* NormSchedule */,
				7A7B38E22BA25C2D006B2BB6 /* NormScheduleTests */,
				7A7B38EC2BA25C2D006B2BB6 /* NormScheduleUITests */,
				7AC602122D75BC4900154A18 /* NormScheduleCompanion Watch App */,
				7A516C532DAE415300E97730 /* NormWidgetExtension */,
			);
		};
/* End PBXProject section */

/* Begin PBXResourcesBuildPhase section */
		7A516C522DAE415300E97730 /* Resources */ = {
			isa = PBXResourcesBuildPhase;
			buildActionMask = 2147483647;
			files = (
			);
			runOnlyForDeploymentPostprocessing = 0;
		};
		7A7B38D12BA25C2C006B2BB6 /* Resources */ = {
			isa = PBXResourcesBuildPhase;
			buildActionMask = 2147483647;
			files = (
				7A7B38DE2BA25C2D006B2BB6 /* Preview Assets.xcassets in Resources */,
				7A7B39032BA25D97006B2BB6 /* sched.json in Resources */,
				7A7B38DB2BA25C2D006B2BB6 /* Assets.xcassets in Resources */,
			);
			runOnlyForDeploymentPostprocessing = 0;
		};
		7A7B38E12BA25C2D006B2BB6 /* Resources */ = {
			isa = PBXResourcesBuildPhase;
			buildActionMask = 2147483647;
			files = (
			);
			runOnlyForDeploymentPostprocessing = 0;
		};
		7A7B38EB2BA25C2D006B2BB6 /* Resources */ = {
			isa = PBXResourcesBuildPhase;
			buildActionMask = 2147483647;
			files = (
			);
			runOnlyForDeploymentPostprocessing = 0;
		};
		7AC602112D75BC4900154A18 /* Resources */ = {
			isa = PBXResourcesBuildPhase;
			buildActionMask = 2147483647;
			files = (
			);
			runOnlyForDeploymentPostprocessing = 0;
		};
/* End PBXResourcesBuildPhase section */

/* Begin PBXSourcesBuildPhase section */
		7A516C502DAE415300E97730 /* Sources */ = {
			isa = PBXSourcesBuildPhase;
			buildActionMask = 2147483647;
			files = (
				7A516C6A2DAE491E00E97730 /* LessonModel.swift in Sources */,
			);
			runOnlyForDeploymentPostprocessing = 0;
		};
		7A7B38CF2BA25C2C006B2BB6 /* Sources */ = {
			isa = PBXSourcesBuildPhase;
			buildActionMask = 2147483647;
			files = (
				7AD383EA2BCD63D100384D1C /* ParserSSTU.swift in Sources */,
				7A4FDD032D9DFF7E00A91862 /* LessonDetailView.swift in Sources */,
				7AD383E82BCD636900384D1C /* Structs.swift in Sources */,
				7A7B39012BA25C78006B2BB6 /* GroupSchedModel.swift in Sources */,
				7A7B39052BA42955006B2BB6 /* DayView.swift in Sources */,
				7AC31A512BB979D30099DB76 /* ParserSSU.swift in Sources */,
				7A6495B42D402581006F167D /* LessonModel.swift in Sources */,
				7A33F7382DA21922003394B6 /* LessonVisibilityManagementView.swift in Sources */,
				7A33F7492DA23AF3003394B6 /* LessonCardView.swift in Sources */,
				7A7B39072BA52F3E006B2BB6 /* LessonView.swift in Sources */,
				7AD383EE2BCD64B300384D1C /* ParserMain.swift in Sources */,
				7A3174EA2D8C0A3800394E80 /* SearchablePickerView.swift in Sources */,
				7A7B38D92BA25C2C006B2BB6 /* ContentView.swift in Sources */,
				7ACD45512D5D28EB00F6B3BB /* TabBarShape.swift in Sources */,
				7AC123CC2C1E236A001FD32A /* ScheduleView.swift in Sources */,
				7A6495B82D4028F9006F167D /* SettingsManagerModel.swift in Sources */,
				7A7B38D72BA25C2C006B2BB6 /* NormScheduleApp.swift in Sources */,
				7ADBF6DB2D9AAB3C00556106 /* Extensions.swift in Sources */,
				7AC602262D75BCC000154A18 /* WCProvider.swift in Sources */,
				7ACD45532D5D4BE100F6B3BB /* InfinitePageView.swift in Sources */,
			);
			runOnlyForDeploymentPostprocessing = 0;
		};
		7A7B38DF2BA25C2D006B2BB6 /* Sources */ = {
			isa = PBXSourcesBuildPhase;
			buildActionMask = 2147483647;
			files = (
			);
			runOnlyForDeploymentPostprocessing = 0;
		};
		7A7B38E92BA25C2D006B2BB6 /* Sources */ = {
			isa = PBXSourcesBuildPhase;
			buildActionMask = 2147483647;
			files = (
			);
			runOnlyForDeploymentPostprocessing = 0;
		};
		7AC6020F2D75BC4900154A18 /* Sources */ = {
			isa = PBXSourcesBuildPhase;
			buildActionMask = 2147483647;
			files = (
				7ADBF6DC2D9AAB3C00556106 /* Extensions.swift in Sources */,
				7ABAE7332D7761080076B06C /* LessonModel.swift in Sources */,
				7ABAE7342D7761200076B06C /* GroupSchedModel.swift in Sources */,
				7AC6022B2D75C3C400154A18 /* SettingsManagerModel.swift in Sources */,
			);
			runOnlyForDeploymentPostprocessing = 0;
		};
/* End PBXSourcesBuildPhase section */

/* Begin PBXTargetDependency section */
		7A516C632DAE415400E97730 /* PBXTargetDependency */ = {
			isa = PBXTargetDependency;
			target = 7A516C532DAE415300E97730 /* NormWidgetExtension */;
			targetProxy = 7A516C622DAE415400E97730 /* PBXContainerItemProxy */;
		};
		7A7B38E52BA25C2D006B2BB6 /* PBXTargetDependency */ = {
			isa = PBXTargetDependency;
			target = 7A7B38D22BA25C2C006B2BB6 /* NormSchedule */;
			targetProxy = 7A7B38E42BA25C2D006B2BB6 /* PBXContainerItemProxy */;
		};
		7A7B38EF2BA25C2D006B2BB6 /* PBXTargetDependency */ = {
			isa = PBXTargetDependency;
			target = 7A7B38D22BA25C2C006B2BB6 /* NormSchedule */;
			targetProxy = 7A7B38EE2BA25C2D006B2BB6 /* PBXContainerItemProxy */;
		};
		7AC6021F2D75BC4B00154A18 /* PBXTargetDependency */ = {
			isa = PBXTargetDependency;
			target = 7AC602122D75BC4900154A18 /* NormScheduleCompanion Watch App */;
			targetProxy = 7AC6021E2D75BC4B00154A18 /* PBXContainerItemProxy */;
		};
/* End PBXTargetDependency section */

/* Begin XCBuildConfiguration section */
		7A516C672DAE415400E97730 /* Debug */ = {
			isa = XCBuildConfiguration;
			buildSettings = {
				ASSETCATALOG_COMPILER_GLOBAL_ACCENT_COLOR_NAME = AccentColor;
				ASSETCATALOG_COMPILER_WIDGET_BACKGROUND_COLOR_NAME = WidgetBackground;
				CODE_SIGN_STYLE = Automatic;
				CURRENT_PROJECT_VERSION = 1;
				DEVELOPMENT_TEAM = GC734AS7G4;
				GENERATE_INFOPLIST_FILE = YES;
				INFOPLIST_FILE = NormWidget/Info.plist;
				INFOPLIST_KEY_CFBundleDisplayName = NormWidget;
				INFOPLIST_KEY_NSHumanReadableCopyright = "";
				IPHONEOS_DEPLOYMENT_TARGET = 17.0;
				LD_RUNPATH_SEARCH_PATHS = (
					"$(inherited)",
					"@executable_path/Frameworks",
					"@executable_path/../../Frameworks",
				);
				MARKETING_VERSION = 1.0;
				PRODUCT_BUNDLE_IDENTIFIER = keril.NormSchedule.NormWidget;
				PRODUCT_NAME = "$(TARGET_NAME)";
				SKIP_INSTALL = YES;
				SWIFT_EMIT_LOC_STRINGS = YES;
				SWIFT_VERSION = 5.0;
				TARGETED_DEVICE_FAMILY = "1,2";
			};
			name = Debug;
		};
		7A516C682DAE415400E97730 /* Release */ = {
			isa = XCBuildConfiguration;
			buildSettings = {
				ASSETCATALOG_COMPILER_GLOBAL_ACCENT_COLOR_NAME = AccentColor;
				ASSETCATALOG_COMPILER_WIDGET_BACKGROUND_COLOR_NAME = WidgetBackground;
				CODE_SIGN_STYLE = Automatic;
				CURRENT_PROJECT_VERSION = 1;
				DEVELOPMENT_TEAM = GC734AS7G4;
				GENERATE_INFOPLIST_FILE = YES;
				INFOPLIST_FILE = NormWidget/Info.plist;
				INFOPLIST_KEY_CFBundleDisplayName = NormWidget;
				INFOPLIST_KEY_NSHumanReadableCopyright = "";
				IPHONEOS_DEPLOYMENT_TARGET = 17.0;
				LD_RUNPATH_SEARCH_PATHS = (
					"$(inherited)",
					"@executable_path/Frameworks",
					"@executable_path/../../Frameworks",
				);
				MARKETING_VERSION = 1.0;
				PRODUCT_BUNDLE_IDENTIFIER = keril.NormSchedule.NormWidget;
				PRODUCT_NAME = "$(TARGET_NAME)";
				SKIP_INSTALL = YES;
				SWIFT_EMIT_LOC_STRINGS = YES;
				SWIFT_VERSION = 5.0;
				TARGETED_DEVICE_FAMILY = "1,2";
			};
			name = Release;
		};
		7A7B38F52BA25C2D006B2BB6 /* Debug */ = {
			isa = XCBuildConfiguration;
			buildSettings = {
				ALWAYS_SEARCH_USER_PATHS = NO;
				ASSETCATALOG_COMPILER_GENERATE_SWIFT_ASSET_SYMBOL_EXTENSIONS = YES;
				CLANG_ANALYZER_NONNULL = YES;
				CLANG_ANALYZER_NUMBER_OBJECT_CONVERSION = YES_AGGRESSIVE;
				CLANG_CXX_LANGUAGE_STANDARD = "gnu++20";
				CLANG_ENABLE_MODULES = YES;
				CLANG_ENABLE_OBJC_ARC = YES;
				CLANG_ENABLE_OBJC_WEAK = YES;
				CLANG_WARN_BLOCK_CAPTURE_AUTORELEASING = YES;
				CLANG_WARN_BOOL_CONVERSION = YES;
				CLANG_WARN_COMMA = YES;
				CLANG_WARN_CONSTANT_CONVERSION = YES;
				CLANG_WARN_DEPRECATED_OBJC_IMPLEMENTATIONS = YES;
				CLANG_WARN_DIRECT_OBJC_ISA_USAGE = YES_ERROR;
				CLANG_WARN_DOCUMENTATION_COMMENTS = YES;
				CLANG_WARN_EMPTY_BODY = YES;
				CLANG_WARN_ENUM_CONVERSION = YES;
				CLANG_WARN_INFINITE_RECURSION = YES;
				CLANG_WARN_INT_CONVERSION = YES;
				CLANG_WARN_NON_LITERAL_NULL_CONVERSION = YES;
				CLANG_WARN_OBJC_IMPLICIT_RETAIN_SELF = YES;
				CLANG_WARN_OBJC_LITERAL_CONVERSION = YES;
				CLANG_WARN_OBJC_ROOT_CLASS = YES_ERROR;
				CLANG_WARN_QUOTED_INCLUDE_IN_FRAMEWORK_HEADER = YES;
				CLANG_WARN_RANGE_LOOP_ANALYSIS = YES;
				CLANG_WARN_STRICT_PROTOTYPES = YES;
				CLANG_WARN_SUSPICIOUS_MOVE = YES;
				CLANG_WARN_UNGUARDED_AVAILABILITY = YES_AGGRESSIVE;
				CLANG_WARN_UNREACHABLE_CODE = YES;
				CLANG_WARN__DUPLICATE_METHOD_MATCH = YES;
				COPY_PHASE_STRIP = NO;
				DEBUG_INFORMATION_FORMAT = dwarf;
				ENABLE_STRICT_OBJC_MSGSEND = YES;
				ENABLE_TESTABILITY = YES;
				ENABLE_USER_SCRIPT_SANDBOXING = YES;
				GCC_C_LANGUAGE_STANDARD = gnu17;
				GCC_DYNAMIC_NO_PIC = NO;
				GCC_NO_COMMON_BLOCKS = YES;
				GCC_OPTIMIZATION_LEVEL = 0;
				GCC_PREPROCESSOR_DEFINITIONS = (
					"DEBUG=1",
					"$(inherited)",
				);
				GCC_WARN_64_TO_32_BIT_CONVERSION = YES;
				GCC_WARN_ABOUT_RETURN_TYPE = YES_ERROR;
				GCC_WARN_UNDECLARED_SELECTOR = YES;
				GCC_WARN_UNINITIALIZED_AUTOS = YES_AGGRESSIVE;
				GCC_WARN_UNUSED_FUNCTION = YES;
				GCC_WARN_UNUSED_VARIABLE = YES;
				IPHONEOS_DEPLOYMENT_TARGET = 17.0;
				LOCALIZATION_PREFERS_STRING_CATALOGS = YES;
				MTL_ENABLE_DEBUG_INFO = INCLUDE_SOURCE;
				MTL_FAST_MATH = YES;
				ONLY_ACTIVE_ARCH = YES;
				SDKROOT = iphoneos;
				SWIFT_ACTIVE_COMPILATION_CONDITIONS = "DEBUG $(inherited)";
				SWIFT_OPTIMIZATION_LEVEL = "-Onone";
			};
			name = Debug;
		};
		7A7B38F62BA25C2D006B2BB6 /* Release */ = {
			isa = XCBuildConfiguration;
			buildSettings = {
				ALWAYS_SEARCH_USER_PATHS = NO;
				ASSETCATALOG_COMPILER_GENERATE_SWIFT_ASSET_SYMBOL_EXTENSIONS = YES;
				CLANG_ANALYZER_NONNULL = YES;
				CLANG_ANALYZER_NUMBER_OBJECT_CONVERSION = YES_AGGRESSIVE;
				CLANG_CXX_LANGUAGE_STANDARD = "gnu++20";
				CLANG_ENABLE_MODULES = YES;
				CLANG_ENABLE_OBJC_ARC = YES;
				CLANG_ENABLE_OBJC_WEAK = YES;
				CLANG_WARN_BLOCK_CAPTURE_AUTORELEASING = YES;
				CLANG_WARN_BOOL_CONVERSION = YES;
				CLANG_WARN_COMMA = YES;
				CLANG_WARN_CONSTANT_CONVERSION = YES;
				CLANG_WARN_DEPRECATED_OBJC_IMPLEMENTATIONS = YES;
				CLANG_WARN_DIRECT_OBJC_ISA_USAGE = YES_ERROR;
				CLANG_WARN_DOCUMENTATION_COMMENTS = YES;
				CLANG_WARN_EMPTY_BODY = YES;
				CLANG_WARN_ENUM_CONVERSION = YES;
				CLANG_WARN_INFINITE_RECURSION = YES;
				CLANG_WARN_INT_CONVERSION = YES;
				CLANG_WARN_NON_LITERAL_NULL_CONVERSION = YES;
				CLANG_WARN_OBJC_IMPLICIT_RETAIN_SELF = YES;
				CLANG_WARN_OBJC_LITERAL_CONVERSION = YES;
				CLANG_WARN_OBJC_ROOT_CLASS = YES_ERROR;
				CLANG_WARN_QUOTED_INCLUDE_IN_FRAMEWORK_HEADER = YES;
				CLANG_WARN_RANGE_LOOP_ANALYSIS = YES;
				CLANG_WARN_STRICT_PROTOTYPES = YES;
				CLANG_WARN_SUSPICIOUS_MOVE = YES;
				CLANG_WARN_UNGUARDED_AVAILABILITY = YES_AGGRESSIVE;
				CLANG_WARN_UNREACHABLE_CODE = YES;
				CLANG_WARN__DUPLICATE_METHOD_MATCH = YES;
				COPY_PHASE_STRIP = NO;
				DEBUG_INFORMATION_FORMAT = "dwarf-with-dsym";
				ENABLE_NS_ASSERTIONS = NO;
				ENABLE_STRICT_OBJC_MSGSEND = YES;
				ENABLE_USER_SCRIPT_SANDBOXING = YES;
				GCC_C_LANGUAGE_STANDARD = gnu17;
				GCC_NO_COMMON_BLOCKS = YES;
				GCC_WARN_64_TO_32_BIT_CONVERSION = YES;
				GCC_WARN_ABOUT_RETURN_TYPE = YES_ERROR;
				GCC_WARN_UNDECLARED_SELECTOR = YES;
				GCC_WARN_UNINITIALIZED_AUTOS = YES_AGGRESSIVE;
				GCC_WARN_UNUSED_FUNCTION = YES;
				GCC_WARN_UNUSED_VARIABLE = YES;
				IPHONEOS_DEPLOYMENT_TARGET = 17.0;
				LOCALIZATION_PREFERS_STRING_CATALOGS = YES;
				MTL_ENABLE_DEBUG_INFO = NO;
				MTL_FAST_MATH = YES;
				SDKROOT = iphoneos;
				SWIFT_COMPILATION_MODE = wholemodule;
				VALIDATE_PRODUCT = YES;
			};
			name = Release;
		};
		7A7B38F82BA25C2D006B2BB6 /* Debug */ = {
			isa = XCBuildConfiguration;
			buildSettings = {
				ASSETCATALOG_COMPILER_APPICON_NAME = AppIcon;
				ASSETCATALOG_COMPILER_GLOBAL_ACCENT_COLOR_NAME = AccentColor;
				ASSETCATALOG_COMPILER_INCLUDE_ALL_APPICON_ASSETS = NO;
				CODE_SIGN_STYLE = Automatic;
				CURRENT_PROJECT_VERSION = 1;
				DEVELOPMENT_ASSET_PATHS = "\"NormSchedule/Preview Content\"";
				DEVELOPMENT_TEAM = GC734AS7G4;
				ENABLE_PREVIEWS = YES;
				GENERATE_INFOPLIST_FILE = YES;
				INFOPLIST_FILE = NormSchedule/Info.plist;
				INFOPLIST_KEY_CFBundleDisplayName = Norm;
				INFOPLIST_KEY_LSApplicationCategoryType = "public.app-category.education";
				INFOPLIST_KEY_UIApplicationSceneManifest_Generation = YES;
				INFOPLIST_KEY_UIApplicationSupportsIndirectInputEvents = YES;
				INFOPLIST_KEY_UISupportedInterfaceOrientations_iPad = "UIInterfaceOrientationPortrait UIInterfaceOrientationPortraitUpsideDown UIInterfaceOrientationLandscapeLeft UIInterfaceOrientationLandscapeRight";
				INFOPLIST_KEY_UISupportedInterfaceOrientations_iPhone = "UIInterfaceOrientationPortrait UIInterfaceOrientationLandscapeLeft UIInterfaceOrientationLandscapeRight";
				IPHONEOS_DEPLOYMENT_TARGET = 17.0;
				LD_RUNPATH_SEARCH_PATHS = (
					"$(inherited)",
					"@executable_path/Frameworks",
				);
				MARKETING_VERSION = 1.0;
				PRODUCT_BUNDLE_IDENTIFIER = keril.NormSchedule;
				PRODUCT_NAME = "$(TARGET_NAME)";
				SUPPORTED_PLATFORMS = "iphoneos iphonesimulator";
				SUPPORTS_MACCATALYST = NO;
				SUPPORTS_XR_DESIGNED_FOR_IPHONE_IPAD = NO;
				SWIFT_EMIT_LOC_STRINGS = YES;
				SWIFT_VERSION = 5.0;
				TARGETED_DEVICE_FAMILY = "1,2";
			};
			name = Debug;
		};
		7A7B38F92BA25C2D006B2BB6 /* Release */ = {
			isa = XCBuildConfiguration;
			buildSettings = {
				ASSETCATALOG_COMPILER_APPICON_NAME = AppIcon;
				ASSETCATALOG_COMPILER_GLOBAL_ACCENT_COLOR_NAME = AccentColor;
				ASSETCATALOG_COMPILER_INCLUDE_ALL_APPICON_ASSETS = NO;
				CODE_SIGN_STYLE = Automatic;
				CURRENT_PROJECT_VERSION = 1;
				DEVELOPMENT_ASSET_PATHS = "\"NormSchedule/Preview Content\"";
				DEVELOPMENT_TEAM = GC734AS7G4;
				ENABLE_PREVIEWS = YES;
				GENERATE_INFOPLIST_FILE = YES;
				INFOPLIST_FILE = NormSchedule/Info.plist;
				INFOPLIST_KEY_CFBundleDisplayName = Norm;
				INFOPLIST_KEY_LSApplicationCategoryType = "public.app-category.education";
				INFOPLIST_KEY_UIApplicationSceneManifest_Generation = YES;
				INFOPLIST_KEY_UIApplicationSupportsIndirectInputEvents = YES;
				INFOPLIST_KEY_UISupportedInterfaceOrientations_iPad = "UIInterfaceOrientationPortrait UIInterfaceOrientationPortraitUpsideDown UIInterfaceOrientationLandscapeLeft UIInterfaceOrientationLandscapeRight";
				INFOPLIST_KEY_UISupportedInterfaceOrientations_iPhone = "UIInterfaceOrientationPortrait UIInterfaceOrientationLandscapeLeft UIInterfaceOrientationLandscapeRight";
				IPHONEOS_DEPLOYMENT_TARGET = 17.0;
				LD_RUNPATH_SEARCH_PATHS = (
					"$(inherited)",
					"@executable_path/Frameworks",
				);
				MARKETING_VERSION = 1.0;
				PRODUCT_BUNDLE_IDENTIFIER = keril.NormSchedule;
				PRODUCT_NAME = "$(TARGET_NAME)";
				SUPPORTED_PLATFORMS = "iphoneos iphonesimulator";
				SUPPORTS_MACCATALYST = NO;
				SUPPORTS_XR_DESIGNED_FOR_IPHONE_IPAD = NO;
				SWIFT_EMIT_LOC_STRINGS = YES;
				SWIFT_VERSION = 5.0;
				TARGETED_DEVICE_FAMILY = "1,2";
			};
			name = Release;
		};
		7A7B38FB2BA25C2D006B2BB6 /* Debug */ = {
			isa = XCBuildConfiguration;
			buildSettings = {
				BUNDLE_LOADER = "$(TEST_HOST)";
				CODE_SIGN_STYLE = Automatic;
				CURRENT_PROJECT_VERSION = 1;
				GENERATE_INFOPLIST_FILE = YES;
				IPHONEOS_DEPLOYMENT_TARGET = 17.4;
				MARKETING_VERSION = 1.0;
				PRODUCT_BUNDLE_IDENTIFIER = keril.NormScheduleTests;
				PRODUCT_NAME = "$(TARGET_NAME)";
				SWIFT_EMIT_LOC_STRINGS = NO;
				SWIFT_VERSION = 5.0;
				TARGETED_DEVICE_FAMILY = "1,2";
				TEST_HOST = "$(BUILT_PRODUCTS_DIR)/NormSchedule.app/$(BUNDLE_EXECUTABLE_FOLDER_PATH)/NormSchedule";
			};
			name = Debug;
		};
		7A7B38FC2BA25C2D006B2BB6 /* Release */ = {
			isa = XCBuildConfiguration;
			buildSettings = {
				BUNDLE_LOADER = "$(TEST_HOST)";
				CODE_SIGN_STYLE = Automatic;
				CURRENT_PROJECT_VERSION = 1;
				GENERATE_INFOPLIST_FILE = YES;
				IPHONEOS_DEPLOYMENT_TARGET = 17.4;
				MARKETING_VERSION = 1.0;
				PRODUCT_BUNDLE_IDENTIFIER = keril.NormScheduleTests;
				PRODUCT_NAME = "$(TARGET_NAME)";
				SWIFT_EMIT_LOC_STRINGS = NO;
				SWIFT_VERSION = 5.0;
				TARGETED_DEVICE_FAMILY = "1,2";
				TEST_HOST = "$(BUILT_PRODUCTS_DIR)/NormSchedule.app/$(BUNDLE_EXECUTABLE_FOLDER_PATH)/NormSchedule";
			};
			name = Release;
		};
		7A7B38FE2BA25C2D006B2BB6 /* Debug */ = {
			isa = XCBuildConfiguration;
			buildSettings = {
				CODE_SIGN_STYLE = Automatic;
				CURRENT_PROJECT_VERSION = 1;
				GENERATE_INFOPLIST_FILE = YES;
				MARKETING_VERSION = 1.0;
				PRODUCT_BUNDLE_IDENTIFIER = keril.NormScheduleUITests;
				PRODUCT_NAME = "$(TARGET_NAME)";
				SWIFT_EMIT_LOC_STRINGS = NO;
				SWIFT_VERSION = 5.0;
				TARGETED_DEVICE_FAMILY = "1,2";
				TEST_TARGET_NAME = NormSchedule;
			};
			name = Debug;
		};
		7A7B38FF2BA25C2D006B2BB6 /* Release */ = {
			isa = XCBuildConfiguration;
			buildSettings = {
				CODE_SIGN_STYLE = Automatic;
				CURRENT_PROJECT_VERSION = 1;
				GENERATE_INFOPLIST_FILE = YES;
				MARKETING_VERSION = 1.0;
				PRODUCT_BUNDLE_IDENTIFIER = keril.NormScheduleUITests;
				PRODUCT_NAME = "$(TARGET_NAME)";
				SWIFT_EMIT_LOC_STRINGS = NO;
				SWIFT_VERSION = 5.0;
				TARGETED_DEVICE_FAMILY = "1,2";
				TEST_TARGET_NAME = NormSchedule;
			};
			name = Release;
		};
		7AC602222D75BC4B00154A18 /* Debug */ = {
			isa = XCBuildConfiguration;
			buildSettings = {
				ASSETCATALOG_COMPILER_APPICON_NAME = AppIcon;
				ASSETCATALOG_COMPILER_GLOBAL_ACCENT_COLOR_NAME = AccentColor;
				CODE_SIGN_STYLE = Automatic;
				CURRENT_PROJECT_VERSION = 1;
				DEVELOPMENT_ASSET_PATHS = "\"NormScheduleCompanion Watch App/Preview Content\"";
				DEVELOPMENT_TEAM = GC734AS7G4;
				ENABLE_PREVIEWS = YES;
				GENERATE_INFOPLIST_FILE = YES;
				INFOPLIST_KEY_CFBundleDisplayName = NormScheduleCompanion;
				INFOPLIST_KEY_UISupportedInterfaceOrientations = "UIInterfaceOrientationPortrait UIInterfaceOrientationPortraitUpsideDown";
				INFOPLIST_KEY_WKCompanionAppBundleIdentifier = keril.NormSchedule;
				LD_RUNPATH_SEARCH_PATHS = (
					"$(inherited)",
					"@executable_path/Frameworks",
				);
				MARKETING_VERSION = 1.0;
				PRODUCT_BUNDLE_IDENTIFIER = keril.NormSchedule.watchkitapp;
				PRODUCT_NAME = "$(TARGET_NAME)";
				SDKROOT = watchos;
				SKIP_INSTALL = YES;
				SWIFT_EMIT_LOC_STRINGS = YES;
				SWIFT_VERSION = 5.0;
				TARGETED_DEVICE_FAMILY = 4;
				WATCHOS_DEPLOYMENT_TARGET = 10.0;
			};
			name = Debug;
		};
		7AC602232D75BC4B00154A18 /* Release */ = {
			isa = XCBuildConfiguration;
			buildSettings = {
				ASSETCATALOG_COMPILER_APPICON_NAME = AppIcon;
				ASSETCATALOG_COMPILER_GLOBAL_ACCENT_COLOR_NAME = AccentColor;
				CODE_SIGN_STYLE = Automatic;
				CURRENT_PROJECT_VERSION = 1;
				DEVELOPMENT_ASSET_PATHS = "\"NormScheduleCompanion Watch App/Preview Content\"";
				DEVELOPMENT_TEAM = GC734AS7G4;
				ENABLE_PREVIEWS = YES;
				GENERATE_INFOPLIST_FILE = YES;
				INFOPLIST_KEY_CFBundleDisplayName = NormScheduleCompanion;
				INFOPLIST_KEY_UISupportedInterfaceOrientations = "UIInterfaceOrientationPortrait UIInterfaceOrientationPortraitUpsideDown";
				INFOPLIST_KEY_WKCompanionAppBundleIdentifier = keril.NormSchedule;
				LD_RUNPATH_SEARCH_PATHS = (
					"$(inherited)",
					"@executable_path/Frameworks",
				);
				MARKETING_VERSION = 1.0;
				PRODUCT_BUNDLE_IDENTIFIER = keril.NormSchedule.watchkitapp;
				PRODUCT_NAME = "$(TARGET_NAME)";
				SDKROOT = watchos;
				SKIP_INSTALL = YES;
				SWIFT_EMIT_LOC_STRINGS = YES;
				SWIFT_VERSION = 5.0;
				TARGETED_DEVICE_FAMILY = 4;
				WATCHOS_DEPLOYMENT_TARGET = 10.0;
			};
			name = Release;
		};
/* End XCBuildConfiguration section */

/* Begin XCConfigurationList section */
		7A516C662DAE415400E97730 /* Build configuration list for PBXNativeTarget "NormWidgetExtension" */ = {
			isa = XCConfigurationList;
			buildConfigurations = (
				7A516C672DAE415400E97730 /* Debug */,
				7A516C682DAE415400E97730 /* Release */,
			);
			defaultConfigurationIsVisible = 0;
			defaultConfigurationName = Release;
		};
		7A7B38CE2BA25C2C006B2BB6 /* Build configuration list for PBXProject "NormSchedule" */ = {
			isa = XCConfigurationList;
			buildConfigurations = (
				7A7B38F52BA25C2D006B2BB6 /* Debug */,
				7A7B38F62BA25C2D006B2BB6 /* Release */,
			);
			defaultConfigurationIsVisible = 0;
			defaultConfigurationName = Release;
		};
		7A7B38F72BA25C2D006B2BB6 /* Build configuration list for PBXNativeTarget "NormSchedule" */ = {
			isa = XCConfigurationList;
			buildConfigurations = (
				7A7B38F82BA25C2D006B2BB6 /* Debug */,
				7A7B38F92BA25C2D006B2BB6 /* Release */,
			);
			defaultConfigurationIsVisible = 0;
			defaultConfigurationName = Release;
		};
		7A7B38FA2BA25C2D006B2BB6 /* Build configuration list for PBXNativeTarget "NormScheduleTests" */ = {
			isa = XCConfigurationList;
			buildConfigurations = (
				7A7B38FB2BA25C2D006B2BB6 /* Debug */,
				7A7B38FC2BA25C2D006B2BB6 /* Release */,
			);
			defaultConfigurationIsVisible = 0;
			defaultConfigurationName = Release;
		};
		7A7B38FD2BA25C2D006B2BB6 /* Build configuration list for PBXNativeTarget "NormScheduleUITests" */ = {
			isa = XCConfigurationList;
			buildConfigurations = (
				7A7B38FE2BA25C2D006B2BB6 /* Debug */,
				7A7B38FF2BA25C2D006B2BB6 /* Release */,
			);
			defaultConfigurationIsVisible = 0;
			defaultConfigurationName = Release;
		};
		7AC602242D75BC4B00154A18 /* Build configuration list for PBXNativeTarget "NormScheduleCompanion Watch App" */ = {
			isa = XCConfigurationList;
			buildConfigurations = (
				7AC602222D75BC4B00154A18 /* Debug */,
				7AC602232D75BC4B00154A18 /* Release */,
			);
			defaultConfigurationIsVisible = 0;
			defaultConfigurationName = Release;
		};
/* End XCConfigurationList section */

/* Begin XCRemoteSwiftPackageReference section */
		7A4FDC942D9C149600A91862 /* XCRemoteSwiftPackageReference "RichTextKit" */ = {
			isa = XCRemoteSwiftPackageReference;
			repositoryURL = "https://github.com/danielsaidi/RichTextKit.git";
			requirement = {
				kind = upToNextMajorVersion;
				minimumVersion = 1.1.2;
			};
		};
		7AC31A532BB97A830099DB76 /* XCRemoteSwiftPackageReference "SwiftSoup" */ = {
			isa = XCRemoteSwiftPackageReference;
			repositoryURL = "https://github.com/scinfu/SwiftSoup.git";
			requirement = {
				kind = upToNextMajorVersion;
				minimumVersion = 2.7.2;
			};
		};
/* End XCRemoteSwiftPackageReference section */

/* Begin XCSwiftPackageProductDependency section */
		7A4FDC952D9C149600A91862 /* RichTextKit */ = {
			isa = XCSwiftPackageProductDependency;
			package = 7A4FDC942D9C149600A91862 /* XCRemoteSwiftPackageReference "RichTextKit" */;
			productName = RichTextKit;
		};
		7A4FDC972D9C175D00A91862 /* RichTextKit */ = {
			isa = XCSwiftPackageProductDependency;
			package = 7A4FDC942D9C149600A91862 /* XCRemoteSwiftPackageReference "RichTextKit" */;
			productName = RichTextKit;
		};
		7AC31A542BB97A830099DB76 /* SwiftSoup */ = {
			isa = XCSwiftPackageProductDependency;
			package = 7AC31A532BB97A830099DB76 /* XCRemoteSwiftPackageReference "SwiftSoup" */;
			productName = SwiftSoup;
		};
/* End XCSwiftPackageProductDependency section */
	};
	rootObject = 7A7B38CB2BA25C2C006B2BB6 /* Project object */;
}
